<?xml version="1.0" encoding="utf-8"?>
<Project ToolsVersion="4.0" xmlns="http://schemas.microsoft.com/developer/msbuild/2003">
  <ItemGroup>
    <Filter Include="Header Files">
      <UniqueIdentifier>{2DA01DA7-1CE5-4FC3-A266-C60192539428}</UniqueIdentifier>
      <Extensions>h;hpp;hxx;hm;inl;inc;xsd</Extensions>
    </Filter>
    <Filter Include="Source Files">
      <UniqueIdentifier>{9068B488-32FD-4FF3-B9A5-E1669DB28987}</UniqueIdentifier>
      <Extensions>cpp;c;cc;cxx;def;odl;idl;hpj;bat;asm;asmx</Extensions>
    </Filter>
  </ItemGroup>
  <ItemGroup>
    <ClInclude Include="resource.h">
      <Filter>Header Files</Filter>
    </ClInclude>
    <ClInclude Include="..\common\backends.h">
      <Filter>Header Files</Filter>
    </ClInclude>
    <ClInclude Include="..\common\beamdef.h">
      <Filter>Header Files</Filter>
    </ClInclude>
    <ClInclude Include="..\common\boneinfo.h">
      <Filter>Header Files</Filter>
    </ClInclude>
    <ClInclude Include="..\common\bspfile.h">
      <Filter>Header Files</Filter>
    </ClInclude>
    <ClInclude Include="..\common\cl_entity.h">
      <Filter>Header Files</Filter>
    </ClInclude>
    <ClInclude Include="..\common\com_image.h">
      <Filter>Header Files</Filter>
    </ClInclude>
    <ClInclude Include="..\common\com_model.h">
      <Filter>Header Files</Filter>
    </ClInclude>
    <ClInclude Include="..\common\con_nprint.h">
      <Filter>Header Files</Filter>
    </ClInclude>
    <ClInclude Include="..\common\const.h">
      <Filter>Header Files</Filter>
    </ClInclude>
    <ClInclude Include="..\common\cvardef.h">
      <Filter>Header Files</Filter>
    </ClInclude>
    <ClInclude Include="..\common\defaults.h">
      <Filter>Header Files</Filter>
    </ClInclude>
    <ClInclude Include="..\common\demo_api.h">
      <Filter>Header Files</Filter>
    </ClInclude>
    <ClInclude Include="..\common\dlight.h">
      <Filter>Header Files</Filter>
    </ClInclude>
    <ClInclude Include="..\common\enginefeatures.h">
      <Filter>Header Files</Filter>
    </ClInclude>
    <ClInclude Include="..\common\entity_state.h">
      <Filter>Header Files</Filter>
    </ClInclude>
    <ClInclude Include="..\common\entity_types.h">
      <Filter>Header Files</Filter>
    </ClInclude>
    <ClInclude Include="..\common\event_api.h">
      <Filter>Header Files</Filter>
    </ClInclude>
    <ClInclude Include="..\common\event_args.h">
      <Filter>Header Files</Filter>
    </ClInclude>
    <ClInclude Include="..\common\event_flags.h">
      <Filter>Header Files</Filter>
    </ClInclude>
    <ClInclude Include="..\common\gameinfo.h">
      <Filter>Header Files</Filter>
    </ClInclude>
    <ClInclude Include="..\common\hltv.h">
      <Filter>Header Files</Filter>
    </ClInclude>
    <ClInclude Include="..\common\ivoicetweak.h">
      <Filter>Header Files</Filter>
    </ClInclude>
    <ClInclude Include="..\common\kbutton.h">
      <Filter>Header Files</Filter>
    </ClInclude>
    <ClInclude Include="..\common\lightstyle.h">
      <Filter>Header Files</Filter>
    </ClInclude>
    <ClInclude Include="..\common\mathlib.h">
      <Filter>Header Files</Filter>
    </ClInclude>
    <ClInclude Include="..\common\net_api.h">
      <Filter>Header Files</Filter>
    </ClInclude>
    <ClInclude Include="..\common\netadr.h">
      <Filter>Header Files</Filter>
    </ClInclude>
    <ClInclude Include="..\common\particledef.h">
      <Filter>Header Files</Filter>
    </ClInclude>
    <ClInclude Include="..\common\pmtrace.h">
      <Filter>Header Files</Filter>
    </ClInclude>
    <ClInclude Include="..\common\port.h">
      <Filter>Header Files</Filter>
    </ClInclude>
    <ClInclude Include="..\common\qfont.h">
      <Filter>Header Files</Filter>
    </ClInclude>
    <ClInclude Include="..\common\r_efx.h">
      <Filter>Header Files</Filter>
    </ClInclude>
    <ClInclude Include="..\common\r_studioint.h">
      <Filter>Header Files</Filter>
    </ClInclude>
    <ClInclude Include="..\common\ref_params.h">
      <Filter>Header Files</Filter>
    </ClInclude>
    <ClInclude Include="..\common\render_api.h">
      <Filter>Header Files</Filter>
    </ClInclude>
    <ClInclude Include="..\common\screenfade.h">
      <Filter>Header Files</Filter>
    </ClInclude>
    <ClInclude Include="..\common\studio_event.h">
      <Filter>Header Files</Filter>
    </ClInclude>
    <ClInclude Include="..\common\triangleapi.h">
      <Filter>Header Files</Filter>
    </ClInclude>
    <ClInclude Include="..\common\usercmd.h">
      <Filter>Header Files</Filter>
    </ClInclude>
    <ClInclude Include="..\common\wadfile.h">
      <Filter>Header Files</Filter>
    </ClInclude>
    <ClInclude Include="..\common\weaponinfo.h">
      <Filter>Header Files</Filter>
    </ClInclude>
    <ClInclude Include="..\common\wrect.h">
      <Filter>Header Files</Filter>
    </ClInclude>
    <ClInclude Include="..\common\xash3d_types.h">
      <Filter>Header Files</Filter>
    </ClInclude>
    <ClInclude Include="..\public\build.h">
      <Filter>Header Files</Filter>
    </ClInclude>
    <ClInclude Include="..\public\crclib.h">
      <Filter>Header Files</Filter>
    </ClInclude>
    <ClInclude Include="..\public\crtlib.h">
      <Filter>Header Files</Filter>
    </ClInclude>
    <ClInclude Include="..\public\pstdint.h">
      <Filter>Header Files</Filter>
    </ClInclude>
    <ClInclude Include="..\public\xash3d_mathlib.h">
      <Filter>Header Files</Filter>
    </ClInclude>
    <ClInclude Include="build.h">
      <Filter>Header Files</Filter>
    </ClInclude>
    <ClInclude Include="port.h">
      <Filter>Header Files</Filter>
    </ClInclude>
  </ItemGroup>
  <ItemGroup>
    <ClCompile Include="game.cpp">
      <Filter>Source Files</Filter>
    </ClCompile>
  </ItemGroup>
  <ItemGroup>
    <ResourceCompile Include="game.rc">
      <Filter>Source Files</Filter>
    </ResourceCompile>
  </ItemGroup>
  <ItemGroup>
    <Image Include="icon2.ico" />
  </ItemGroup>
</Project>